[[tools.bun]]
version = "1.3.6"
backend = "core:bun"
"platforms.macos-arm64" = { checksum = "blake3:85526dfced776d7b3c0facf44769aaacd6ec1dabb038eb11819ddee2b8dc1173"}

[[tools."cargo:scooter"]]
version = "0.8.4"
backend = "cargo:scooter"

[[tools."cargo:sleek"]]
version = "0.5.0"
backend = "cargo:sleek"

[[tools."forgejo:gitea/tea"]]
version = "0.11.1"
backend = "forgejo:gitea/tea"
"platforms.macos-arm64" = { checksum = "sha256:1494fc312ecfc9c3ce50e340b155aa1830dee26d4c967599bf7ecd870cc38f5e", url = "https://gitea.com/gitea/tea/releases/download/v0.11.1/tea-0.11.1-darwin-arm64", url_api = "https://gitea.com/attachments/c3f3bbc7-be92-45ab-b37d-f00bb9869350"}

[[tools."github:Zxilly/go-size-analyzer"]]
version = "1.10.2"
backend = "github:Zxilly/go-size-analyzer"
"platforms.macos-arm64" = { checksum = "sha256:54213ac16da338dd666480a6229a6361f7075668818186ff8ac1dbf247007f24", url = "https://github.com/Zxilly/go-size-analyzer/releases/download/v1.10.2/go-size-analyzer_1.10.2_darwin_arm64.tar.gz", url_api = "https://api.github.com/repos/Zxilly/go-size-analyzer/releases/assets/326950175"}

[[tools."github:abice/go-enum"]]
version = "0.9.2"
backend = "github:abice/go-enum"
"platforms.macos-arm64" = { checksum = "sha256:94bb64c966baa51cbfd17c81b455b5d0e7e6dbd7e7e7c16cd3f65d6a5a2888dd", url = "https://github.com/abice/go-enum/releases/download/v0.9.2/go-enum_Darwin_arm64", url_api = "https://api.github.com/repos/abice/go-enum/releases/assets/305592765"}

[[tools."github:amir20/dtop"]]
version = "v0.5.0"
backend = "github:amir20/dtop"
"platforms.macos-arm64" = { checksum = "sha256:997afcd3a54f958edec0e2ad1036d90bdd2658a871da80e5b730bbfb92983fb3", url = "https://github.com/amir20/dtop/releases/download/v0.5.0/dtop-aarch64-apple-darwin.tar.gz", url_api = "https://api.github.com/repos/amir20/dtop/releases/assets/319691914"}

[[tools."github:caarlos0/svu"]]
version = "3.3.0"
backend = "github:caarlos0/svu"
"platforms.macos-arm64" = { checksum = "sha256:d32d3b793fae1ec86af6d8d423fc21a63dc1b17e531a2076cddb8630bded9f31", url = "https://github.com/caarlos0/svu/releases/download/v3.3.0/svu_3.3.0_darwin_all.tar.gz", url_api = "https://api.github.com/repos/caarlos0/svu/releases/assets/311461897"}

[[tools."github:grafana/mcp-grafana"]]
version = "0.7.9"
backend = "github:grafana/mcp-grafana"

[[tools."github:hay-kot/gofind"]]
version = "v0.4.1"
backend = "github:hay-kot/gofind"
"platforms.macos-arm64" = { checksum = "sha256:ce8214db7815a4de2d8d98f6df8a28f21b1da90443019de7ddc9b8c9ef158232", url = "https://github.com/hay-kot/gofind/releases/download/v0.4.1/gofind_Darwin_arm64.tar.gz", url_api = "https://api.github.com/repos/hay-kot/gofind/releases/assets/306628572"}

[[tools."github:hay-kot/hive"]]
version = "v0.22.0"
backend = "github:hay-kot/hive"
"platforms.macos-arm64" = { checksum = "sha256:fd905a501e101620650934cfb2f8e28ad54f7c3da65398ca020e85d4aa68aa45", url = "https://github.com/colonyops/hive/releases/download/v0.22.0/hive_Darwin_arm64.tar.gz", url_api = "https://api.github.com/repos/colonyops/hive/releases/assets/349863552"}

[[tools."github:hay-kot/scaffold"]]
version = "0.12.0"
backend = "github:hay-kot/scaffold"

[[tools."github:homeport/dyff"]]
version = "1.10.3"
backend = "github:homeport/dyff"
"platforms.macos-arm64" = { checksum = "sha256:1c81bac7467c51de621328f53d9bf47b25ff0073724f844b5bf93fb4430ed7b5", url = "https://github.com/homeport/dyff/releases/download/v1.10.3/dyff_1.10.3_darwin_arm64.tar.gz", url_api = "https://api.github.com/repos/homeport/dyff/releases/assets/332530704"}

[[tools."github:steveyegge/beads"]]
version = "0.49.1"
backend = "github:steveyegge/beads"
"platforms.macos-arm64" = { checksum = "sha256:3b1dda32ba66cddf405e8076e466faf3a6b9a303c15bb1c2b3d2403d6ebe5f15", url = "https://github.com/steveyegge/beads/releases/download/v0.49.1/beads_0.49.1_darwin_arm64.tar.gz", url_api = "https://api.github.com/repos/steveyegge/beads/releases/assets/345934992"}

[[tools."github:sxyazi/yazi"]]
version = "25.5.31"
backend = "github:sxyazi/yazi"

[[tools."github:thomasschafer/scooter"]]
version = "0.8.5"
backend = "github:thomasschafer/scooter"
"platforms.macos-arm64" = { checksum = "sha256:8b903a0afaa4a24bc395904155917ba55a0d5f86506c21639f9a208711904761", url = "https://github.com/thomasschafer/scooter/releases/download/v0.8.5/scooter-v0.8.5-aarch64-apple-darwin.tar.gz", url_api = "https://api.github.com/repos/thomasschafer/scooter/releases/assets/341670204"}

[[tools.go]]
version = "1.25.6"
backend = "core:go"
"platforms.macos-arm64" = { checksum = "sha256:984521ae978a5377c7d782fd2dd953291840d7d3d0bd95781a1f32f16d94a006", url = "https://dl.google.com/go/go1.25.6.darwin-arm64.tar.gz"}

[[tools."go:github.com/Zxilly/go-size-analyzer/cmd/gsa"]]
version = "1.10.2"
backend = "go:github.com/Zxilly/go-size-analyzer/cmd/gsa"

[[tools."go:github.com/abice/go-enum"]]
version = "0.9.2"
backend = "go:github.com/abice/go-enum"

[[tools."go:github.com/caarlos0/svu/v3"]]
version = "3.3.0"
backend = "go:github.com/caarlos0/svu/v3"

[[tools."go:github.com/grafana/mcp-grafana/cmd/mcp-grafana"]]
version = "0.6.2"
backend = "go:github.com/grafana/mcp-grafana/cmd/mcp-grafana"

[[tools."go:github.com/hay-kot/gofind"]]
version = "v0.3.2"
backend = "go:github.com/hay-kot/gofind"

[[tools."go:github.com/hay-kot/mdparse"]]
version = "v0.1.0"
backend = "go:github.com/hay-kot/mdparse"

[[tools."go:github.com/hay-kot/mmdot"]]
version = "v0.3.0"
backend = "go:github.com/hay-kot/mmdot"

[[tools."go:github.com/homeport/dyff/cmd/dyff"]]
version = "1.10.2"
backend = "go:github.com/homeport/dyff/cmd/dyff"

[[tools."go:golang.org/x/perf/cmd/benchstat"]]
version = "latest"
backend = "go:golang.org/x/perf/cmd/benchstat"

[[tools."go:golang.org/x/tools/cmd/deadcode"]]
version = "0.41.0"
backend = "go:golang.org/x/tools/cmd/deadcode"

[[tools.node]]
version = "25.4.0"
backend = "core:node"
"platforms.macos-arm64" = { checksum = "sha256:bfa7af56c0f24074d7a6c5b08d837b8be211f44db5fcc93dcb2cb96153e49b65", url = "https://nodejs.org/dist/v25.4.0/node-v25.4.0-darwin-arm64.tar.gz"}

[[tools."npm:@anthropic-ai/claude-code"]]
version = "2.0.75"
backend = "npm:@anthropic-ai/claude-code"

[[tools."npm:eslint"]]
version = "9.39.2"
backend = "npm:eslint"

[[tools."npm:pnpm"]]
version = "10.26.1"
backend = "npm:pnpm"

[[tools."npm:prettier"]]
version = "3.7.4"
backend = "npm:prettier"

[[tools."npm:ts-node"]]
version = "10.9.2"
backend = "npm:ts-node"

[[tools."npm:typescript"]]
version = "5.9.3"
backend = "npm:typescript"

[[tools."npm:yarn"]]
version = "1.22.22"
backend = "npm:yarn"

[[tools.rust]]
version = "1.93.0"
backend = "core:rust"
